
Microsoft Visual Studio Solution File, Format Version 12.00
# Visual Studio Version 17
VisualStudioVersion = 17.7.34202.233
MinimumVisualStudioVersion = 10.0.40219.1
Project("{9A19103F-16F7-4668-BE54-9A1E7A4F7556}") = "Entities", "Entities\Entities.csproj", "{27E714A8-9DF5-497D-907D-2120349F30A3}"
EndProject
Project("{9A19103F-16F7-4668-BE54-9A1E7A4F7556}") = "Business", "Business\Business.csproj", "{6D7A9262-DA82-487E-912C-D1C2D808AE06}"
EndProject
Project("{FAE04EC0-301F-11D3-BF4B-00C04F79EFBC}") = "Workaround", "Workaround\Workaround.csproj", "{DCB35152-238B-440B-BB06-294E37E0F203}"
EndProject
Global
	GlobalSection(SolutionConfigurationPlatforms) = preSolution
		Debug|Any CPU = Debug|Any CPU
		Release|Any CPU = Release|Any CPU
	EndGlobalSection
	GlobalSection(ProjectConfigurationPlatforms) = postSolution
		{27E714A8-9DF5-497D-907D-2120349F30A3}.Debug|Any CPU.ActiveCfg = Debug|Any CPU
		{27E714A8-9DF5-497D-907D-2120349F30A3}.Debug|Any CPU.Build.0 = Debug|Any CPU
		{27E714A8-9DF5-497D-907D-2120349F30A3}.Release|Any CPU.ActiveCfg = Release|Any CPU
		{27E714A8-9DF5-497D-907D-2120349F30A3}.Release|Any CPU.Build.0 = Release|Any CPU
		{6D7A9262-DA82-487E-912C-D1C2D808AE06}.Debug|Any CPU.ActiveCfg = Debug|Any CPU
		{6D7A9262-DA82-487E-912C-D1C2D808AE06}.Debug|Any CPU.Build.0 = Debug|Any CPU
		{6D7A9262-DA82-487E-912C-D1C2D808AE06}.Release|Any CPU.ActiveCfg = Release|Any CPU
		{6D7A9262-DA82-487E-912C-D1C2D808AE06}.Release|Any CPU.Build.0 = Release|Any CPU
		{DCB35152-238B-440B-BB06-294E37E0F203}.Debug|Any CPU.ActiveCfg = Debug|Any CPU
		{DCB35152-238B-440B-BB06-294E37E0F203}.Debug|Any CPU.Build.0 = Debug|Any CPU
		{DCB35152-238B-440B-BB06-294E37E0F203}.Release|Any CPU.ActiveCfg = Release|Any CPU
		{DCB35152-238B-440B-BB06-294E37E0F203}.Release|Any CPU.Build.0 = Release|Any CPU
	EndGlobalSection
	GlobalSection(SolutionProperties) = preSolution
		HideSolutionNode = FALSE
	EndGlobalSection
	GlobalSection(ExtensibilityGlobals) = postSolution
		SolutionGuid = {41A6A328-2473-4E83-A02B-CB480F32E7C7}
	EndGlobalSection
EndGlobal
